
Microsoft Visual Studio Solution File, Format Version 12.00
# Visual Studio Version 16
VisualStudioVersion = 16.0.30320.27
MinimumVisualStudioVersion = 10.0.40219.1
Project("{9A19103F-16F7-4668-BE54-9A1E7A4F7556}") = "MineField", "MineField\MineField.csproj", "{3DB8B04F-9975-427D-BC8E-AF031DBC2946}"
EndProject
Project("{FAE04EC0-301F-11D3-BF4B-00C04F79EFBC}") = "MineField.Tests", "MineField.Tests\MineField.Tests.csproj", "{3B2F3675-1E56-4BC5-875F-72BB653EDCFD}"
	ProjectSection(ProjectDependencies) = postProject
		{3DB8B04F-9975-427D-BC8E-AF031DBC2946} = {3DB8B04F-9975-427D-BC8E-AF031DBC2946}
	EndProjectSection
EndProject
Global
	GlobalSection(SolutionConfigurationPlatforms) = preSolution
		Debug|Any CPU = Debug|Any CPU
		Release|Any CPU = Release|Any CPU
	EndGlobalSection
	GlobalSection(ProjectConfigurationPlatforms) = postSolution
		{3DB8B04F-9975-427D-BC8E-AF031DBC2946}.Debug|Any CPU.ActiveCfg = Debug|Any CPU
		{3DB8B04F-9975-427D-BC8E-AF031DBC2946}.Debug|Any CPU.Build.0 = Debug|Any CPU
		{3DB8B04F-9975-427D-BC8E-AF031DBC2946}.Release|Any CPU.ActiveCfg = Release|Any CPU
		{3DB8B04F-9975-427D-BC8E-AF031DBC2946}.Release|Any CPU.Build.0 = Release|Any CPU
		{3B2F3675-1E56-4BC5-875F-72BB653EDCFD}.Debug|Any CPU.ActiveCfg = Debug|Any CPU
		{3B2F3675-1E56-4BC5-875F-72BB653EDCFD}.Debug|Any CPU.Build.0 = Debug|Any CPU
		{3B2F3675-1E56-4BC5-875F-72BB653EDCFD}.Release|Any CPU.ActiveCfg = Release|Any CPU
		{3B2F3675-1E56-4BC5-875F-72BB653EDCFD}.Release|Any CPU.Build.0 = Release|Any CPU
	EndGlobalSection
	GlobalSection(SolutionProperties) = preSolution
		HideSolutionNode = FALSE
	EndGlobalSection
	GlobalSection(ExtensibilityGlobals) = postSolution
		SolutionGuid = {49EBD0EB-E691-4CC5-B4B9-73E31BE7B59B}
	EndGlobalSection
EndGlobal
